
Microsoft Visual Studio Solution File, Format Version 12.00
# Visual Studio Version 16
VisualStudioVersion = 16.0.29519.181
MinimumVisualStudioVersion = 10.0.40219.1
Project("{FAE04EC0-301F-11D3-BF4B-00C04F79EFBC}") = "LaoZhangCoreTwo", "LaoZhangCoreTwo\LaoZhangCoreTwo.csproj", "{E1B971E6-E9A4-4B1C-AB7C-6500A64078BC}"
EndProject
Global
	GlobalSection(SolutionConfigurationPlatforms) = preSolution
		Debug|Any CPU = Debug|Any CPU
		Release|Any CPU = Release|Any CPU
	EndGlobalSection
	GlobalSection(ProjectConfigurationPlatforms) = postSolution
		{E1B971E6-E9A4-4B1C-AB7C-6500A64078BC}.Debug|Any CPU.ActiveCfg = Debug|Any CPU
		{E1B971E6-E9A4-4B1C-AB7C-6500A64078BC}.Debug|Any CPU.Build.0 = Debug|Any CPU
		{E1B971E6-E9A4-4B1C-AB7C-6500A64078BC}.Release|Any CPU.ActiveCfg = Release|Any CPU
		{E1B971E6-E9A4-4B1C-AB7C-6500A64078BC}.Release|Any CPU.Build.0 = Release|Any CPU
	EndGlobalSection
	GlobalSection(SolutionProperties) = preSolution
		HideSolutionNode = FALSE
	EndGlobalSection
	GlobalSection(ExtensibilityGlobals) = postSolution
		SolutionGuid = {048618DE-F917-4180-B00A-0518BE3C9394}
	EndGlobalSection
EndGlobal
